
Microsoft Visual Studio Solution File, Format Version 12.00
# Visual Studio Version 16
VisualStudioVersion = 16.0.29926.136
MinimumVisualStudioVersion = 10.0.40219.1
Project("{FAE04EC0-301F-11D3-BF4B-00C04F79EFBC}") = "TokenManager", "TokenManager\TokenManager.csproj", "{056E0081-2346-4A7B-9FF2-971F3BF7D557}"
EndProject
Global
	GlobalSection(SolutionConfigurationPlatforms) = preSolution
		Debug|Any CPU = Debug|Any CPU
		Release|Any CPU = Release|Any CPU
	EndGlobalSection
	GlobalSection(ProjectConfigurationPlatforms) = postSolution
		{056E0081-2346-4A7B-9FF2-971F3BF7D557}.Debug|Any CPU.ActiveCfg = Debug|Any CPU
		{056E0081-2346-4A7B-9FF2-971F3BF7D557}.Debug|Any CPU.Build.0 = Debug|Any CPU
		{056E0081-2346-4A7B-9FF2-971F3BF7D557}.Release|Any CPU.ActiveCfg = Release|Any CPU
		{056E0081-2346-4A7B-9FF2-971F3BF7D557}.Release|Any CPU.Build.0 = Release|Any CPU
	EndGlobalSection
	GlobalSection(SolutionProperties) = preSolution
		HideSolutionNode = FALSE
	EndGlobalSection
	GlobalSection(ExtensibilityGlobals) = postSolution
		SolutionGuid = {1BBC618C-92D8-4F46-B1C4-51195C112E61}
	EndGlobalSection
EndGlobal
